
Microsoft Visual Studio Solution File, Format Version 12.00
# Visual Studio Version 16
VisualStudioVersion = 16.0.30225.117
MinimumVisualStudioVersion = 10.0.40219.1
Project("{FAE04EC0-301F-11D3-BF4B-00C04F79EFBC}") = "BackUpper", "BackUpper\BackUpper.csproj", "{A2835F8F-0FC1-4AA1-9A1B-1E2354CD321F}"
EndProject
Project("{54435603-DBB4-11D2-8724-00A0C9A8B90C}") = "Setup1", "Setup1\Setup1.vdproj", "{80154B3C-2235-4C7E-A4D3-444A10703789}"
EndProject
Global
	GlobalSection(SolutionConfigurationPlatforms) = preSolution
		Debug|Any CPU = Debug|Any CPU
		Release|Any CPU = Release|Any CPU
	EndGlobalSection
	GlobalSection(ProjectConfigurationPlatforms) = postSolution
		{A2835F8F-0FC1-4AA1-9A1B-1E2354CD321F}.Debug|Any CPU.ActiveCfg = Debug|Any CPU
		{A2835F8F-0FC1-4AA1-9A1B-1E2354CD321F}.Debug|Any CPU.Build.0 = Debug|Any CPU
		{A2835F8F-0FC1-4AA1-9A1B-1E2354CD321F}.Release|Any CPU.ActiveCfg = Release|Any CPU
		{A2835F8F-0FC1-4AA1-9A1B-1E2354CD321F}.Release|Any CPU.Build.0 = Release|Any CPU
		{80154B3C-2235-4C7E-A4D3-444A10703789}.Debug|Any CPU.ActiveCfg = Debug
		{80154B3C-2235-4C7E-A4D3-444A10703789}.Release|Any CPU.ActiveCfg = Release
	EndGlobalSection
	GlobalSection(SolutionProperties) = preSolution
		HideSolutionNode = FALSE
	EndGlobalSection
	GlobalSection(ExtensibilityGlobals) = postSolution
		SolutionGuid = {9ABB8BAD-F152-464A-9805-88E5BAFBCD1D}
	EndGlobalSection
EndGlobal
